
Microsoft Visual Studio Solution File, Format Version 12.00
# Visual Studio Version 17
VisualStudioVersion = 17.6.33815.320
MinimumVisualStudioVersion = 10.0.40219.1
Project("{9A19103F-16F7-4668-BE54-9A1E7A4F7556}") = "DocumentsEditorPattern", "DocumentsEditorPattern\DocumentsEditorPattern.csproj", "{0EE9EAD2-F8E9-4D2F-BB06-CE6E1905D13F}"
EndProject
Global
	GlobalSection(SolutionConfigurationPlatforms) = preSolution
		Debug|Any CPU = Debug|Any CPU
		Release|Any CPU = Release|Any CPU
	EndGlobalSection
	GlobalSection(ProjectConfigurationPlatforms) = postSolution
		{0EE9EAD2-F8E9-4D2F-BB06-CE6E1905D13F}.Debug|Any CPU.ActiveCfg = Debug|Any CPU
		{0EE9EAD2-F8E9-4D2F-BB06-CE6E1905D13F}.Debug|Any CPU.Build.0 = Debug|Any CPU
		{0EE9EAD2-F8E9-4D2F-BB06-CE6E1905D13F}.Release|Any CPU.ActiveCfg = Release|Any CPU
		{0EE9EAD2-F8E9-4D2F-BB06-CE6E1905D13F}.Release|Any CPU.Build.0 = Release|Any CPU
	EndGlobalSection
	GlobalSection(SolutionProperties) = preSolution
		HideSolutionNode = FALSE
	EndGlobalSection
	GlobalSection(ExtensibilityGlobals) = postSolution
		SolutionGuid = {CD870A83-F8A2-4A75-8CA8-305C5250627C}
	EndGlobalSection
EndGlobal
